
Microsoft Visual Studio Solution File, Format Version 12.00
# Visual Studio 15
VisualStudioVersion = 15.0.27428.2043
MinimumVisualStudioVersion = 10.0.40219.1
Project("{FAE04EC0-301F-11D3-BF4B-00C04F79EFBC}") = "WeGo", "WeGo\WeGo.csproj", "{F1192683-A656-447C-A2CA-237BD046C3F0}"
EndProject
Project("{FAE04EC0-301F-11D3-BF4B-00C04F79EFBC}") = "WeGo.Tests", "WeGo.Tests\WeGo.Tests.csproj", "{917D8DA8-0797-41B1-8035-84FA757D66C6}"
EndProject
Global
	GlobalSection(SolutionConfigurationPlatforms) = preSolution
		Debug|Any CPU = Debug|Any CPU
		Release|Any CPU = Release|Any CPU
	EndGlobalSection
	GlobalSection(ProjectConfigurationPlatforms) = postSolution
		{F1192683-A656-447C-A2CA-237BD046C3F0}.Debug|Any CPU.ActiveCfg = Debug|Any CPU
		{F1192683-A656-447C-A2CA-237BD046C3F0}.Debug|Any CPU.Build.0 = Debug|Any CPU
		{F1192683-A656-447C-A2CA-237BD046C3F0}.Release|Any CPU.ActiveCfg = Release|Any CPU
		{F1192683-A656-447C-A2CA-237BD046C3F0}.Release|Any CPU.Build.0 = Release|Any CPU
		{917D8DA8-0797-41B1-8035-84FA757D66C6}.Debug|Any CPU.ActiveCfg = Debug|Any CPU
		{917D8DA8-0797-41B1-8035-84FA757D66C6}.Debug|Any CPU.Build.0 = Debug|Any CPU
		{917D8DA8-0797-41B1-8035-84FA757D66C6}.Release|Any CPU.ActiveCfg = Release|Any CPU
		{917D8DA8-0797-41B1-8035-84FA757D66C6}.Release|Any CPU.Build.0 = Release|Any CPU
	EndGlobalSection
	GlobalSection(SolutionProperties) = preSolution
		HideSolutionNode = FALSE
	EndGlobalSection
	GlobalSection(ExtensibilityGlobals) = postSolution
		SolutionGuid = {EBC7D8CF-00D9-4F90-AD99-1D81E0436276}
	EndGlobalSection
EndGlobal
